<?xml version="1.0" encoding="utf-8"?>
<Project ToolsVersion="4.0" xmlns="http://schemas.microsoft.com/developer/msbuild/2003">
  <ItemGroup>
    <Filter Include="Source Files">
      <UniqueIdentifier>{4FC737F1-C7A5-4376-A066-2A32D752A2FF}</UniqueIdentifier>
      <Extensions>cpp;c;cc;cxx;def;odl;idl;hpj;bat;asm;asmx</Extensions>
    </Filter>
    <Filter Include="Source Files\DataStructures">
      <UniqueIdentifier>{91cc853a-b6c0-429e-80ed-b4541f96af44}</UniqueIdentifier>
    </Filter>
  </ItemGroup>
  <ItemGroup>
    <ClInclude Include="Exercises\DataStructures\ListNode.h">
      <Filter>Source Files\DataStructures</Filter>
    </ClInclude>
    <ClInclude Include="Exercises\DataStructures\TreeNode.h">
      <Filter>Source Files\DataStructures</Filter>
    </ClInclude>
    <ClInclude Include="Exercises\FindAllAnagramsInAString.cpp">
      <Filter>Source Files</Filter>
    </ClInclude>
    <ClInclude Include="Exercises\CheckIfItIsAStraightLine.cpp">
      <Filter>Source Files</Filter>
    </ClInclude>
    <ClInclude Include="Exercises\CousinsInBinaryTree.cpp">
      <Filter>Source Files</Filter>
    </ClInclude>
    <ClInclude Include="Exercises\FindTheTownJudge.cpp">
      <Filter>Source Files</Filter>
    </ClInclude>
    <ClInclude Include="Exercises\FirstBadVersion.cpp">
      <Filter>Source Files</Filter>
    </ClInclude>
    <ClInclude Include="Exercises\FirstUniqueCharacterInAString.cpp">
      <Filter>Source Files</Filter>
    </ClInclude>
    <ClInclude Include="Exercises\FloodFill.cpp">
      <Filter>Source Files</Filter>
    </ClInclude>
    <ClInclude Include="Exercises\ImplementTrie.cpp">
      <Filter>Source Files</Filter>
    </ClInclude>
    <ClInclude Include="Exercises\JewelsAndStones.cpp">
      <Filter>Source Files</Filter>
    </ClInclude>
    <ClInclude Include="Exercises\MajorityElement.cpp">
      <Filter>Source Files</Filter>
    </ClInclude>
    <ClInclude Include="Exercises\MaximumSumCircularSubarray.cpp">
      <Filter>Source Files</Filter>
    </ClInclude>
    <ClInclude Include="Exercises\NumberComplement.cpp">
      <Filter>Source Files</Filter>
    </ClInclude>
    <ClInclude Include="Exercises\OddEvenLinkedList.cpp">
      <Filter>Source Files</Filter>
    </ClInclude>
    <ClInclude Include="Exercises\PermutationInString.cpp">
      <Filter>Source Files</Filter>
    </ClInclude>
    <ClInclude Include="Exercises\RansomNote.cpp">
      <Filter>Source Files</Filter>
    </ClInclude>
    <ClInclude Include="Exercises\RemoveKDigits.cpp">
      <Filter>Source Files</Filter>
    </ClInclude>
    <ClInclude Include="Exercises\SingleElementInASortedArray.cpp">
      <Filter>Source Files</Filter>
    </ClInclude>
    <ClInclude Include="Exercises\ValidPerfectSquare.cpp">
      <Filter>Source Files</Filter>
    </ClInclude>
  </ItemGroup>
  <ItemGroup>
    <ClCompile Include="Exercises\OnlineStockSpan.cpp">
      <Filter>Source Files</Filter>
    </ClCompile>
    <ClCompile Include="Exercises\KthSmallestElementInABst.cpp">
      <Filter>Source Files</Filter>
    </ClCompile>
    <ClCompile Include="Exercises\SortCharactersByFrequency.cpp">
      <Filter>Source Files</Filter>
    </ClCompile>
    <ClCompile Include="Exercises\IntervalListIntersections.cpp">
      <Filter>Source Files</Filter>
    </ClCompile>
    <ClCompile Include="Exercises\ConstructBinarySearchTreeFromPreorderTraversal.cpp">
      <Filter>Source Files</Filter>
    </ClCompile>
    <ClCompile Include="Exercises\UncrossedLines.cpp">
      <Filter>Source Files</Filter>
    </ClCompile>
    <ClCompile Include="Exercises\ContiguousArray.cpp">
      <Filter>Source Files</Filter>
    </ClCompile>
    <ClCompile Include="Exercises\PossibleBipartition.cpp">
      <Filter>Source Files</Filter>
    </ClCompile>
    <ClCompile Include="Exercises\CountingBits.cpp">
      <Filter>Source Files</Filter>
    </ClCompile>
    <ClCompile Include="Exercises\CourseSchedule.cpp">
      <Filter>Source Files</Filter>
    </ClCompile>
    <ClCompile Include="Exercises\KClosestPointstoOrigin.cpp">
      <Filter>Source Files</Filter>
    </ClCompile>
  </ItemGroup>
</Project>