<?xml version="1.0" encoding="utf-8"?>
<Project ToolsVersion="4.0" xmlns="http://schemas.microsoft.com/developer/msbuild/2003">
  <ItemGroup>
    <Filter Include="Source Files">
      <UniqueIdentifier>{4FC737F1-C7A5-4376-A066-2A32D752A2FF}</UniqueIdentifier>
      <Extensions>cpp;c;cc;cxx;def;odl;idl;hpj;bat;asm;asmx</Extensions>
    </Filter>
  </ItemGroup>
  <ItemGroup>
    <ClInclude Include="catch.hpp">
      <Filter>Source Files</Filter>
    </ClInclude>
  </ItemGroup>
  <ItemGroup>
    <ClCompile Include="CheckIfItIsAStraightLineTests.cpp">
      <Filter>Source Files</Filter>
    </ClCompile>
    <ClCompile Include="CousinsInBinaryTreeTests.cpp">
      <Filter>Source Files</Filter>
    </ClCompile>
    <ClCompile Include="FindAllAnagramsInAStringTests.cpp">
      <Filter>Source Files</Filter>
    </ClCompile>
    <ClCompile Include="FindTheTownJudgeTests.cpp">
      <Filter>Source Files</Filter>
    </ClCompile>
    <ClCompile Include="FirstBadVersionTests.cpp">
      <Filter>Source Files</Filter>
    </ClCompile>
    <ClCompile Include="FirstUniqueCharacterInAStringTests.cpp">
      <Filter>Source Files</Filter>
    </ClCompile>
    <ClCompile Include="FloodFillTests.cpp">
      <Filter>Source Files</Filter>
    </ClCompile>
    <ClCompile Include="ImplementTrieTests.cpp">
      <Filter>Source Files</Filter>
    </ClCompile>
    <ClCompile Include="JewelsAndStonesTests.cpp">
      <Filter>Source Files</Filter>
    </ClCompile>
    <ClCompile Include="MajorityElementTests.cpp">
      <Filter>Source Files</Filter>
    </ClCompile>
    <ClCompile Include="MaximumSumCircularSubarrayTests.cpp">
      <Filter>Source Files</Filter>
    </ClCompile>
    <ClCompile Include="NumberComplementTests.cpp">
      <Filter>Source Files</Filter>
    </ClCompile>
    <ClCompile Include="OddEvenLinkedListTests.cpp">
      <Filter>Source Files</Filter>
    </ClCompile>
    <ClCompile Include="RansomNoteTests.cpp">
      <Filter>Source Files</Filter>
    </ClCompile>
    <ClCompile Include="RemoveKDigitsTests.cpp">
      <Filter>Source Files</Filter>
    </ClCompile>
    <ClCompile Include="SingleElementInASortedArrayTests.cpp">
      <Filter>Source Files</Filter>
    </ClCompile>
    <ClCompile Include="ValidPerfectSquareTests.cpp">
      <Filter>Source Files</Filter>
    </ClCompile>
    <ClCompile Include="PermutationInStringTests.cpp">
      <Filter>Source Files</Filter>
    </ClCompile>
    <ClCompile Include="OnlineStockSpanTests.cpp">
      <Filter>Source Files</Filter>
    </ClCompile>
    <ClCompile Include="KthSmallestElementInABstTests.cpp">
      <Filter>Source Files</Filter>
    </ClCompile>
    <ClCompile Include="SortCharactersByFrequencyTests.cpp">
      <Filter>Source Files</Filter>
    </ClCompile>
    <ClCompile Include="IntervalListIntersectionsTests.cpp">
      <Filter>Source Files</Filter>
    </ClCompile>
    <ClCompile Include="ConstructBinarySearchTreeFromPreorderTraversalTests.cpp">
      <Filter>Source Files</Filter>
    </ClCompile>
    <ClCompile Include="UncrossedLinesTests.cpp">
      <Filter>Source Files</Filter>
    </ClCompile>
    <ClCompile Include="ContiguousArrayTests.cpp">
      <Filter>Source Files</Filter>
    </ClCompile>
    <ClCompile Include="PossibleBipartitionTests.cpp">
      <Filter>Source Files</Filter>
    </ClCompile>
    <ClCompile Include="CountingBitsTests.cpp">
      <Filter>Source Files</Filter>
    </ClCompile>
    <ClCompile Include="CourseScheduleTests.cpp">
      <Filter>Source Files</Filter>
    </ClCompile>
    <ClCompile Include="KClosestPointstoOriginTests.cpp">
      <Filter>Source Files</Filter>
    </ClCompile>
    <ClCompile Include="EditDistanceTests.cpp">
      <Filter>Source Files</Filter>
    </ClCompile>
  </ItemGroup>
</Project>